
Microsoft Visual Studio Solution File, Format Version 12.00
# Visual Studio Version 17
VisualStudioVersion = 17.0.32014.148
MinimumVisualStudioVersion = 10.0.40219.1
Project("{9A19103F-16F7-4668-BE54-9A1E7A4F7556}") = "Domekt200", "Domekt200\Domekt200.csproj", "{3FBA678B-71B5-4548-85AD-0DAA7C98458D}"
EndProject
Project("{D954291E-2A0B-460D-934E-DC6B0785DB48}") = "Helpers", "Helpers\Helpers.shproj", "{92F89D97-B810-405E-B1E6-4D1D0833206D}"
EndProject
Project("{9A19103F-16F7-4668-BE54-9A1E7A4F7556}") = "ShedMonitor", "ShedMonitor\ShedMonitor.csproj", "{8954B424-141B-49F8-B683-236F5E27BE22}"
EndProject
Global
	GlobalSection(SharedMSBuildProjectFiles) = preSolution
		Helpers\SharedProject1.projitems*{92f89d97-b810-405e-b1e6-4d1d0833206d}*SharedItemsImports = 13
	EndGlobalSection
	GlobalSection(SolutionConfigurationPlatforms) = preSolution
		Debug|Any CPU = Debug|Any CPU
		Release|Any CPU = Release|Any CPU
	EndGlobalSection
	GlobalSection(ProjectConfigurationPlatforms) = postSolution
		{3FBA678B-71B5-4548-85AD-0DAA7C98458D}.Debug|Any CPU.ActiveCfg = Debug|Any CPU
		{3FBA678B-71B5-4548-85AD-0DAA7C98458D}.Debug|Any CPU.Build.0 = Debug|Any CPU
		{3FBA678B-71B5-4548-85AD-0DAA7C98458D}.Release|Any CPU.ActiveCfg = Release|Any CPU
		{3FBA678B-71B5-4548-85AD-0DAA7C98458D}.Release|Any CPU.Build.0 = Release|Any CPU
		{8954B424-141B-49F8-B683-236F5E27BE22}.Debug|Any CPU.ActiveCfg = Debug|Any CPU
		{8954B424-141B-49F8-B683-236F5E27BE22}.Debug|Any CPU.Build.0 = Debug|Any CPU
		{8954B424-141B-49F8-B683-236F5E27BE22}.Release|Any CPU.ActiveCfg = Release|Any CPU
		{8954B424-141B-49F8-B683-236F5E27BE22}.Release|Any CPU.Build.0 = Release|Any CPU
	EndGlobalSection
	GlobalSection(SolutionProperties) = preSolution
		HideSolutionNode = FALSE
	EndGlobalSection
	GlobalSection(ExtensibilityGlobals) = postSolution
		SolutionGuid = {F8889653-B32C-41B8-8705-321B7109A199}
	EndGlobalSection
EndGlobal
