
Microsoft Visual Studio Solution File, Format Version 12.00
# Visual Studio Version 16
VisualStudioVersion = 16.0.31205.134
MinimumVisualStudioVersion = 10.0.40219.1
Project("{FAE04EC0-301F-11D3-BF4B-00C04F79EFBC}") = "Tinkerforge.ShedMonitor", "Tinkerforge.ShedMonitor\Tinkerforge.ShedMonitor.csproj", "{F49D2D0B-785F-4B09-9217-FEF7EEED4B17}"
EndProject
Global
	GlobalSection(SolutionConfigurationPlatforms) = preSolution
		Debug|Any CPU = Debug|Any CPU
		Release|Any CPU = Release|Any CPU
	EndGlobalSection
	GlobalSection(ProjectConfigurationPlatforms) = postSolution
		{F49D2D0B-785F-4B09-9217-FEF7EEED4B17}.Debug|Any CPU.ActiveCfg = Debug|Any CPU
		{F49D2D0B-785F-4B09-9217-FEF7EEED4B17}.Debug|Any CPU.Build.0 = Debug|Any CPU
		{F49D2D0B-785F-4B09-9217-FEF7EEED4B17}.Release|Any CPU.ActiveCfg = Release|Any CPU
		{F49D2D0B-785F-4B09-9217-FEF7EEED4B17}.Release|Any CPU.Build.0 = Release|Any CPU
	EndGlobalSection
	GlobalSection(SolutionProperties) = preSolution
		HideSolutionNode = FALSE
	EndGlobalSection
	GlobalSection(ExtensibilityGlobals) = postSolution
		SolutionGuid = {F8889653-B32C-41B8-8705-321B7109A199}
	EndGlobalSection
EndGlobal
